{
  "name": "@exelarium/hono-middlewares",
  "version": "1.0.0",
  "lockfileVersion": 3,
  "requires": true,
  "packages": {
    "": {
      "name": "@exelarium/hono-middlewares",
      "version": "1.0.0",
      "license": "ISC",
      "dependencies": {
        "@hono/sentry": "^1.2.1",
        "hono": "^4.7.10",
        "jose": "^6.0.11"
      },
      "devDependencies": {
        "typescript": "^5.8.3"
      }
    },
    "node_modules/@hono/sentry": {
      "version": "1.2.1",
      "resolved": "https://registry.npmjs.org/@hono/sentry/-/sentry-1.2.1.tgz",
      "integrity": "sha512-nH72brmJDSmX9jeNhHAMcdW/QCYKH00G0BMSDKiE2FuGQaR4pONPuzzM24qirjqyHcL8NDdwBJ3irE9/IsDptA==",
      "license": "MIT",
      "dependencies": {
        "toucan-js": "^4.0.0"
      },
      "peerDependencies": {
        "hono": ">=3.*"
      }
    },
    "node_modules/@sentry/core": {
      "version": "8.9.2",
      "resolved": "https://registry.npmjs.org/@sentry/core/-/core-8.9.2.tgz",
      "integrity": "sha512-ixm8NISFlPlEo3FjSaqmq4nnd13BRHoafwJ5MG+okCz6BKGZ1SexEggP42/QpGvDprUUHnfncG6WUMgcarr1zA==",
      "license": "MIT",
      "dependencies": {
        "@sentry/types": "8.9.2",
        "@sentry/utils": "8.9.2"
      },
      "engines": {
        "node": ">=14.18"
      }
    },
    "node_modules/@sentry/types": {
      "version": "8.9.2",
      "resolved": "https://registry.npmjs.org/@sentry/types/-/types-8.9.2.tgz",
      "integrity": "sha512-+LFOyQGl+zk5SZRGZD2MEURf7i5RHgP/mt3s85Rza+vz8M211WJ0YsjkIGUJFSY842nged5QLx4JysLaBlLymg==",
      "license": "MIT",
      "engines": {
        "node": ">=14.18"
      }
    },
    "node_modules/@sentry/utils": {
      "version": "8.9.2",
      "resolved": "https://registry.npmjs.org/@sentry/utils/-/utils-8.9.2.tgz",
      "integrity": "sha512-A4srR9mEBFdVXwSEKjQ94msUbVkMr8JeFiEj9ouOFORw/Y/ux/WV2bWVD/ZI9wq0TcTNK8L1wBgU8UMS5lIq3A==",
      "license": "MIT",
      "dependencies": {
        "@sentry/types": "8.9.2"
      },
      "engines": {
        "node": ">=14.18"
      }
    },
    "node_modules/hono": {
      "version": "4.7.10",
      "resolved": "https://registry.npmjs.org/hono/-/hono-4.7.10.tgz",
      "integrity": "sha512-QkACju9MiN59CKSY5JsGZCYmPZkA6sIW6OFCUp7qDjZu6S6KHtJHhAc9Uy9mV9F8PJ1/HQ3ybZF2yjCa/73fvQ==",
      "license": "MIT",
      "engines": {
        "node": ">=16.9.0"
      }
    },
    "node_modules/jose": {
      "version": "6.0.11",
      "resolved": "https://registry.npmjs.org/jose/-/jose-6.0.11.tgz",
      "integrity": "sha512-QxG7EaliDARm1O1S8BGakqncGT9s25bKL1WSf6/oa17Tkqwi8D2ZNglqCF+DsYF88/rV66Q/Q2mFAy697E1DUg==",
      "license": "MIT",
      "funding": {
        "url": "https://github.com/sponsors/panva"
      }
    },
    "node_modules/toucan-js": {
      "version": "4.1.1",
      "resolved": "https://registry.npmjs.org/toucan-js/-/toucan-js-4.1.1.tgz",
      "integrity": "sha512-GTPwEaCRN8IbYe5/VeGiwxYvMO0dKaC16fTeLbF+QGswjkLZ9JUqAfDhLMyH2SWukYhmetH+uxWa1Bhluv/evQ==",
      "license": "MIT",
      "dependencies": {
        "@sentry/core": "8.9.2",
        "@sentry/types": "8.9.2",
        "@sentry/utils": "8.9.2"
      }
    },
    "node_modules/typescript": {
      "version": "5.8.3",
      "resolved": "https://registry.npmjs.org/typescript/-/typescript-5.8.3.tgz",
      "integrity": "sha512-p1diW6TqL9L07nNxvRMM7hMMw4c5XOo/1ibL4aAIGmSAt9slTE1Xgw5KWuof2uTOvCg9BY7ZRi+GaF+7sfgPeQ==",
      "dev": true,
      "license": "Apache-2.0",
      "bin": {
        "tsc": "bin/tsc",
        "tsserver": "bin/tsserver"
      },
      "engines": {
        "node": ">=14.17"
      }
    }
  }
}
